// !$*UTF8*$!
{
	archiveVersion = 1;
	classes = {
	};
	objectVersion = 56;
	objects = {

/* Begin PBXBuildFile section */
		AD621D40298409C8008D0365 /* GUIDOMIAApp.swift in Sources */ = {isa = PBXBuildFile; fileRef = AD621D3F298409C8008D0365 /* GUIDOMIAApp.swift */; };
		AD621D42298409C8008D0365 /* ContentView.swift in Sources */ = {isa = PBXBuildFile; fileRef = AD621D41298409C8008D0365 /* ContentView.swift */; };
		AD621D44298409CA008D0365 /* Assets.xcassets in Resources */ = {isa = PBXBuildFile; fileRef = AD621D43298409CA008D0365 /* Assets.xcassets */; };
		AD621D47298409CA008D0365 /* Preview Assets.xcassets in Resources */ = {isa = PBXBuildFile; fileRef = AD621D46298409CA008D0365 /* Preview Assets.xcassets */; };
		AD621D51298409CA008D0365 /* GUIDOMIATests.swift in Sources */ = {isa = PBXBuildFile; fileRef = AD621D50298409CA008D0365 /* GUIDOMIATests.swift */; };
		AD621D5B298409CB008D0365 /* GUIDOMIAUITests.swift in Sources */ = {isa = PBXBuildFile; fileRef = AD621D5A298409CB008D0365 /* GUIDOMIAUITests.swift */; };
		AD621D5D298409CB008D0365 /* GUIDOMIAUITestsLaunchTests.swift in Sources */ = {isa = PBXBuildFile; fileRef = AD621D5C298409CB008D0365 /* GUIDOMIAUITestsLaunchTests.swift */; };
/* End PBXBuildFile section */

/* Begin PBXContainerItemProxy section */
		AD621D4D298409CA008D0365 /* PBXContainerItemProxy */ = {
			isa = PBXContainerItemProxy;
			containerPortal = AD621D34298409C8008D0365 /* Project object */;
			proxyType = 1;
			remoteGlobalIDString = AD621D3B298409C8008D0365;
			remoteInfo = GUIDOMIA;
		};
		AD621D57298409CA008D0365 /* PBXContainerItemProxy */ = {
			isa = PBXContainerItemProxy;
			containerPortal = AD621D34298409C8008D0365 /* Project object */;
			proxyType = 1;
			remoteGlobalIDString = AD621D3B298409C8008D0365;
			remoteInfo = GUIDOMIA;
		};
/* End PBXContainerItemProxy section */

/* Begin PBXFileReference section */
		AD621D3C298409C8008D0365 /* GUIDOMIA.app */ = {isa = PBXFileReference; explicitFileType = wrapper.application; includeInIndex = 0; path = GUIDOMIA.app; sourceTree = BUILT_PRODUCTS_DIR; };
		AD621D3F298409C8008D0365 /* GUIDOMIAApp.swift */ = {isa = PBXFileReference; lastKnownFileType = sourcecode.swift; path = GUIDOMIAApp.swift; sourceTree = "<group>"; };
		AD621D41298409C8008D0365 /* ContentView.swift */ = {isa = PBXFileReference; lastKnownFileType = sourcecode.swift; path = ContentView.swift; sourceTree = "<group>"; };
		AD621D43298409CA008D0365 /* Assets.xcassets */ = {isa = PBXFileReference; lastKnownFileType = folder.assetcatalog; path = Assets.xcassets; sourceTree = "<group>"; };
		AD621D46298409CA008D0365 /* Preview Assets.xcassets */ = {isa = PBXFileReference; lastKnownFileType = folder.assetcatalog; path = "Preview Assets.xcassets"; sourceTree = "<group>"; };
		AD621D4C298409CA008D0365 /* GUIDOMIATests.xctest */ = {isa = PBXFileReference; explicitFileType = wrapper.cfbundle; includeInIndex = 0; path = GUIDOMIATests.xctest; sourceTree = BUILT_PRODUCTS_DIR; };
		AD621D50298409CA008D0365 /* GUIDOMIATests.swift */ = {isa = PBXFileReference; lastKnownFileType = sourcecode.swift; path = GUIDOMIATests.swift; sourceTree = "<group>"; };
		AD621D56298409CA008D0365 /* GUIDOMIAUITests.xctest */ = {isa = PBXFileReference; explicitFileType = wrapper.cfbundle; includeInIndex = 0; path = GUIDOMIAUITests.xctest; sourceTree = BUILT_PRODUCTS_DIR; };
		AD621D5A298409CB008D0365 /* GUIDOMIAUITests.swift */ = {isa = PBXFileReference; lastKnownFileType = sourcecode.swift; path = GUIDOMIAUITests.swift; sourceTree = "<group>"; };
		AD621D5C298409CB008D0365 /* GUIDOMIAUITestsLaunchTests.swift */ = {isa = PBXFileReference; lastKnownFileType = sourcecode.swift; path = GUIDOMIAUITestsLaunchTests.swift; sourceTree = "<group>"; };
/* End PBXFileReference section */

/* Begin PBXFrameworksBuildPhase section */
		AD621D39298409C8008D0365 /* Frameworks */ = {
			isa = PBXFrameworksBuildPhase;
			buildActionMask = 2147483647;
			files = (
			);
			runOnlyForDeploymentPostprocessing = 0;
		};
		AD621D49298409CA008D0365 /* Frameworks */ = {
			isa = PBXFrameworksBuildPhase;
			buildActionMask = 2147483647;
			files = (
			);
			runOnlyForDeploymentPostprocessing = 0;
		};
		AD621D53298409CA008D0365 /* Frameworks */ = {
			isa = PBXFrameworksBuildPhase;
			buildActionMask = 2147483647;
			files = (
			);
			runOnlyForDeploymentPostprocessing = 0;
		};
/* End PBXFrameworksBuildPhase section */

/* Begin PBXGroup section */
		AD621D33298409C8008D0365 = {
			isa = PBXGroup;
			children = (
				AD621D3E298409C8008D0365 /* GUIDOMIA */,
				AD621D4F298409CA008D0365 /* GUIDOMIATests */,
				AD621D59298409CB008D0365 /* GUIDOMIAUITests */,
				AD621D3D298409C8008D0365 /* Products */,
			);
			sourceTree = "<group>";
		};
		AD621D3D298409C8008D0365 /* Products */ = {
			isa = PBXGroup;
			children = (
				AD621D3C298409C8008D0365 /* GUIDOMIA.app */,
				AD621D4C298409CA008D0365 /* GUIDOMIATests.xctest */,
				AD621D56298409CA008D0365 /* GUIDOMIAUITests.xctest */,
			);
			name = Products;
			sourceTree = "<group>";
		};
		AD621D3E298409C8008D0365 /* GUIDOMIA */ = {
			isa = PBXGroup;
			children = (
				AD621D3F298409C8008D0365 /* GUIDOMIAApp.swift */,
				AD621D41298409C8008D0365 /* ContentView.swift */,
				AD621D43298409CA008D0365 /* Assets.xcassets */,
				AD621D45298409CA008D0365 /* Preview Content */,
			);
			path = GUIDOMIA;
			sourceTree = "<group>";
		};
		AD621D45298409CA008D0365 /* Preview Content */ = {
			isa = PBXGroup;
			children = (
				AD621D46298409CA008D0365 /* Preview Assets.xcassets */,
			);
			path = "Preview Content";
			sourceTree = "<group>";
		};
		AD621D4F298409CA008D0365 /* GUIDOMIATests */ = {
			isa = PBXGroup;
			children = (
				AD621D50298409CA008D0365 /* GUIDOMIATests.swift */,
			);
			path = GUIDOMIATests;
			sourceTree = "<group>";
		};
		AD621D59298409CB008D0365 /* GUIDOMIAUITests */ = {
			isa = PBXGroup;
			children = (
				AD621D5A298409CB008D0365 /* GUIDOMIAUITests.swift */,
				AD621D5C298409CB008D0365 /* GUIDOMIAUITestsLaunchTests.swift */,
			);
			path = GUIDOMIAUITests;
			sourceTree = "<group>";
		};
/* End PBXGroup section */

/* Begin PBXNativeTarget section */
		AD621D3B298409C8008D0365 /* GUIDOMIA */ = {
			isa = PBXNativeTarget;
			buildConfigurationList = AD621D60298409CB008D0365 /* Build configuration list for PBXNativeTarget "GUIDOMIA" */;
			buildPhases = (
				AD621D38298409C8008D0365 /* Sources */,
				AD621D39298409C8008D0365 /* Frameworks */,
				AD621D3A298409C8008D0365 /* Resources */,
			);
			buildRules = (
			);
			dependencies = (
			);
			name = GUIDOMIA;
			productName = GUIDOMIA;
			productReference = AD621D3C298409C8008D0365 /* GUIDOMIA.app */;
			productType = "com.apple.product-type.application";
		};
		AD621D4B298409CA008D0365 /* GUIDOMIATests */ = {
			isa = PBXNativeTarget;
			buildConfigurationList = AD621D63298409CB008D0365 /* Build configuration list for PBXNativeTarget "GUIDOMIATests" */;
			buildPhases = (
				AD621D48298409CA008D0365 /* Sources */,
				AD621D49298409CA008D0365 /* Frameworks */,
				AD621D4A298409CA008D0365 /* Resources */,
			);
			buildRules = (
			);
			dependencies = (
				AD621D4E298409CA008D0365 /* PBXTargetDependency */,
			);
			name = GUIDOMIATests;
			productName = GUIDOMIATests;
			productReference = AD621D4C298409CA008D0365 /* GUIDOMIATests.xctest */;
			productType = "com.apple.product-type.bundle.unit-test";
		};
		AD621D55298409CA008D0365 /* GUIDOMIAUITests */ = {
			isa = PBXNativeTarget;
			buildConfigurationList = AD621D66298409CB008D0365 /* Build configuration list for PBXNativeTarget "GUIDOMIAUITests" */;
			buildPhases = (
				AD621D52298409CA008D0365 /* Sources */,
				AD621D53298409CA008D0365 /* Frameworks */,
				AD621D54298409CA008D0365 /* Resources */,
			);
			buildRules = (
			);
			dependencies = (
				AD621D58298409CA008D0365 /* PBXTargetDependency */,
			);
			name = GUIDOMIAUITests;
			productName = GUIDOMIAUITests;
			productReference = AD621D56298409CA008D0365 /* GUIDOMIAUITests.xctest */;
			productType = "com.apple.product-type.bundle.ui-testing";
		};
/* End PBXNativeTarget section */

/* Begin PBXProject section */
		AD621D34298409C8008D0365 /* Project object */ = {
			isa = PBXProject;
			attributes = {
				BuildIndependentTargetsInParallel = 1;
				LastSwiftUpdateCheck = 1420;
				LastUpgradeCheck = 1420;
				TargetAttributes = {
					AD621D3B298409C8008D0365 = {
						CreatedOnToolsVersion = 14.2;
					};
					AD621D4B298409CA008D0365 = {
						CreatedOnToolsVersion = 14.2;
						TestTargetID = AD621D3B298409C8008D0365;
					};
					AD621D55298409CA008D0365 = {
						CreatedOnToolsVersion = 14.2;
						TestTargetID = AD621D3B298409C8008D0365;
					};
				};
			};
			buildConfigurationList = AD621D37298409C8008D0365 /* Build configuration list for PBXProject "GUIDOMIA" */;
			compatibilityVersion = "Xcode 14.0";
			developmentRegion = en;
			hasScannedForEncodings = 0;
			knownRegions = (
				en,
				Base,
			);
			mainGroup = AD621D33298409C8008D0365;
			productRefGroup = AD621D3D298409C8008D0365 /* Products */;
			projectDirPath = "";
			projectRoot = "";
			targets = (
				AD621D3B298409C8008D0365 /* GUIDOMIA */,
				AD621D4B298409CA008D0365 /* GUIDOMIATests */,
				AD621D55298409CA008D0365 /* GUIDOMIAUITests */,
			);
		};
/* End PBXProject section */

/* Begin PBXResourcesBuildPhase section */
		AD621D3A298409C8008D0365 /* Resources */ = {
			isa = PBXResourcesBuildPhase;
			buildActionMask = 2147483647;
			files = (
				AD621D47298409CA008D0365 /* Preview Assets.xcassets in Resources */,
				AD621D44298409CA008D0365 /* Assets.xcassets in Resources */,
			);
			runOnlyForDeploymentPostprocessing = 0;
		};
		AD621D4A298409CA008D0365 /* Resources */ = {
			isa = PBXResourcesBuildPhase;
			buildActionMask = 2147483647;
			files = (
			);
			runOnlyForDeploymentPostprocessing = 0;
		};
		AD621D54298409CA008D0365 /* Resources */ = {
			isa = PBXResourcesBuildPhase;
			buildActionMask = 2147483647;
			files = (
			);
			runOnlyForDeploymentPostprocessing = 0;
		};
/* End PBXResourcesBuildPhase section */

/* Begin PBXSourcesBuildPhase section */
		AD621D38298409C8008D0365 /* Sources */ = {
			isa = PBXSourcesBuildPhase;
			buildActionMask = 2147483647;
			files = (
				AD621D42298409C8008D0365 /* ContentView.swift in Sources */,
				AD621D40298409C8008D0365 /* GUIDOMIAApp.swift in Sources */,
			);
			runOnlyForDeploymentPostprocessing = 0;
		};
		AD621D48298409CA008D0365 /* Sources */ = {
			isa = PBXSourcesBuildPhase;
			buildActionMask = 2147483647;
			files = (
				AD621D51298409CA008D0365 /* GUIDOMIATests.swift in Sources */,
			);
			runOnlyForDeploymentPostprocessing = 0;
		};
		AD621D52298409CA008D0365 /* Sources */ = {
			isa = PBXSourcesBuildPhase;
			buildActionMask = 2147483647;
			files = (
				AD621D5D298409CB008D0365 /* GUIDOMIAUITestsLaunchTests.swift in Sources */,
				AD621D5B298409CB008D0365 /* GUIDOMIAUITests.swift in Sources */,
			);
			runOnlyForDeploymentPostprocessing = 0;
		};
/* End PBXSourcesBuildPhase section */

/* Begin PBXTargetDependency section */
		AD621D4E298409CA008D0365 /* PBXTargetDependency */ = {
			isa = PBXTargetDependency;
			target = AD621D3B298409C8008D0365 /* GUIDOMIA */;
			targetProxy = AD621D4D298409CA008D0365 /* PBXContainerItemProxy */;
		};
		AD621D58298409CA008D0365 /* PBXTargetDependency */ = {
			isa = PBXTargetDependency;
			target = AD621D3B298409C8008D0365 /* GUIDOMIA */;
			targetProxy = AD621D57298409CA008D0365 /* PBXContainerItemProxy */;
		};
/* End PBXTargetDependency section */

/* Begin XCBuildConfiguration section */
		AD621D5E298409CB008D0365 /* Debug */ = {
			isa = XCBuildConfiguration;
			buildSettings = {
				ALWAYS_SEARCH_USER_PATHS = NO;
				CLANG_ANALYZER_NONNULL = YES;
				CLANG_ANALYZER_NUMBER_OBJECT_CONVERSION = YES_AGGRESSIVE;
				CLANG_CXX_LANGUAGE_STANDARD = "gnu++20";
				CLANG_ENABLE_MODULES = YES;
				CLANG_ENABLE_OBJC_ARC = YES;
				CLANG_ENABLE_OBJC_WEAK = YES;
				CLANG_WARN_BLOCK_CAPTURE_AUTORELEASING = YES;
				CLANG_WARN_BOOL_CONVERSION = YES;
				CLANG_WARN_COMMA = YES;
				CLANG_WARN_CONSTANT_CONVERSION = YES;
				CLANG_WARN_DEPRECATED_OBJC_IMPLEMENTATIONS = YES;
				CLANG_WARN_DIRECT_OBJC_ISA_USAGE = YES_ERROR;
				CLANG_WARN_DOCUMENTATION_COMMENTS = YES;
				CLANG_WARN_EMPTY_BODY = YES;
				CLANG_WARN_ENUM_CONVERSION = YES;
				CLANG_WARN_INFINITE_RECURSION = YES;
				CLANG_WARN_INT_CONVERSION = YES;
				CLANG_WARN_NON_LITERAL_NULL_CONVERSION = YES;
				CLANG_WARN_OBJC_IMPLICIT_RETAIN_SELF = YES;
				CLANG_WARN_OBJC_LITERAL_CONVERSION = YES;
				CLANG_WARN_OBJC_ROOT_CLASS = YES_ERROR;
				CLANG_WARN_QUOTED_INCLUDE_IN_FRAMEWORK_HEADER = YES;
				CLANG_WARN_RANGE_LOOP_ANALYSIS = YES;
				CLANG_WARN_STRICT_PROTOTYPES = YES;
				CLANG_WARN_SUSPICIOUS_MOVE = YES;
				CLANG_WARN_UNGUARDED_AVAILABILITY = YES_AGGRESSIVE;
				CLANG_WARN_UNREACHABLE_CODE = YES;
				CLANG_WARN__DUPLICATE_METHOD_MATCH = YES;
				COPY_PHASE_STRIP = NO;
				DEBUG_INFORMATION_FORMAT = dwarf;
				ENABLE_STRICT_OBJC_MSGSEND = YES;
				ENABLE_TESTABILITY = YES;
				GCC_C_LANGUAGE_STANDARD = gnu11;
				GCC_DYNAMIC_NO_PIC = NO;
				GCC_NO_COMMON_BLOCKS = YES;
				GCC_OPTIMIZATION_LEVEL = 0;
				GCC_PREPROCESSOR_DEFINITIONS = (
					"DEBUG=1",
					"$(inherited)",
				);
				GCC_WARN_64_TO_32_BIT_CONVERSION = YES;
				GCC_WARN_ABOUT_RETURN_TYPE = YES_ERROR;
				GCC_WARN_UNDECLARED_SELECTOR = YES;
				GCC_WARN_UNINITIALIZED_AUTOS = YES_AGGRESSIVE;
				GCC_WARN_UNUSED_FUNCTION = YES;
				GCC_WARN_UNUSED_VARIABLE = YES;
				IPHONEOS_DEPLOYMENT_TARGET = 16.2;
				MTL_ENABLE_DEBUG_INFO = INCLUDE_SOURCE;
				MTL_FAST_MATH = YES;
				ONLY_ACTIVE_ARCH = YES;
				SDKROOT = iphoneos;
				SWIFT_ACTIVE_COMPILATION_CONDITIONS = DEBUG;
				SWIFT_OPTIMIZATION_LEVEL = "-Onone";
			};
			name = Debug;
		};
		AD621D5F298409CB008D0365 /* Release */ = {
			isa = XCBuildConfiguration;
			buildSettings = {
				ALWAYS_SEARCH_USER_PATHS = NO;
				CLANG_ANALYZER_NONNULL = YES;
				CLANG_ANALYZER_NUMBER_OBJECT_CONVERSION = YES_AGGRESSIVE;
				CLANG_CXX_LANGUAGE_STANDARD = "gnu++20";
				CLANG_ENABLE_MODULES = YES;
				CLANG_ENABLE_OBJC_ARC = YES;
				CLANG_ENABLE_OBJC_WEAK = YES;
				CLANG_WARN_BLOCK_CAPTURE_AUTORELEASING = YES;
				CLANG_WARN_BOOL_CONVERSION = YES;
				CLANG_WARN_COMMA = YES;
				CLANG_WARN_CONSTANT_CONVERSION = YES;
				CLANG_WARN_DEPRECATED_OBJC_IMPLEMENTATIONS = YES;
				CLANG_WARN_DIRECT_OBJC_ISA_USAGE = YES_ERROR;
				CLANG_WARN_DOCUMENTATION_COMMENTS = YES;
				CLANG_WARN_EMPTY_BODY = YES;
				CLANG_WARN_ENUM_CONVERSION = YES;
				CLANG_WARN_INFINITE_RECURSION = YES;
				CLANG_WARN_INT_CONVERSION = YES;
				CLANG_WARN_NON_LITERAL_NULL_CONVERSION = YES;
				CLANG_WARN_OBJC_IMPLICIT_RETAIN_SELF = YES;
				CLANG_WARN_OBJC_LITERAL_CONVERSION = YES;
				CLANG_WARN_OBJC_ROOT_CLASS = YES_ERROR;
				CLANG_WARN_QUOTED_INCLUDE_IN_FRAMEWORK_HEADER = YES;
				CLANG_WARN_RANGE_LOOP_ANALYSIS = YES;
				CLANG_WARN_STRICT_PROTOTYPES = YES;
				CLANG_WARN_SUSPICIOUS_MOVE = YES;
				CLANG_WARN_UNGUARDED_AVAILABILITY = YES_AGGRESSIVE;
				CLANG_WARN_UNREACHABLE_CODE = YES;
				CLANG_WARN__DUPLICATE_METHOD_MATCH = YES;
				COPY_PHASE_STRIP = NO;
				DEBUG_INFORMATION_FORMAT = "dwarf-with-dsym";
				ENABLE_NS_ASSERTIONS = NO;
				ENABLE_STRICT_OBJC_MSGSEND = YES;
				GCC_C_LANGUAGE_STANDARD = gnu11;
				GCC_NO_COMMON_BLOCKS = YES;
				GCC_WARN_64_TO_32_BIT_CONVERSION = YES;
				GCC_WARN_ABOUT_RETURN_TYPE = YES_ERROR;
				GCC_WARN_UNDECLARED_SELECTOR = YES;
				GCC_WARN_UNINITIALIZED_AUTOS = YES_AGGRESSIVE;
				GCC_WARN_UNUSED_FUNCTION = YES;
				GCC_WARN_UNUSED_VARIABLE = YES;
				IPHONEOS_DEPLOYMENT_TARGET = 16.2;
				MTL_ENABLE_DEBUG_INFO = NO;
				MTL_FAST_MATH = YES;
				SDKROOT = iphoneos;
				SWIFT_COMPILATION_MODE = wholemodule;
				SWIFT_OPTIMIZATION_LEVEL = "-O";
				VALIDATE_PRODUCT = YES;
			};
			name = Release;
		};
		AD621D61298409CB008D0365 /* Debug */ = {
			isa = XCBuildConfiguration;
			buildSettings = {
				ASSETCATALOG_COMPILER_APPICON_NAME = AppIcon;
				ASSETCATALOG_COMPILER_GLOBAL_ACCENT_COLOR_NAME = AccentColor;
				CODE_SIGN_STYLE = Automatic;
				CURRENT_PROJECT_VERSION = 1;
				DEVELOPMENT_ASSET_PATHS = "\"GUIDOMIA/Preview Content\"";
				ENABLE_PREVIEWS = YES;
				GENERATE_INFOPLIST_FILE = YES;
				INFOPLIST_KEY_UIApplicationSceneManifest_Generation = YES;
				INFOPLIST_KEY_UIApplicationSupportsIndirectInputEvents = YES;
				INFOPLIST_KEY_UILaunchScreen_Generation = YES;
				INFOPLIST_KEY_UISupportedInterfaceOrientations_iPad = "UIInterfaceOrientationPortrait UIInterfaceOrientationPortraitUpsideDown UIInterfaceOrientationLandscapeLeft UIInterfaceOrientationLandscapeRight";
				INFOPLIST_KEY_UISupportedInterfaceOrientations_iPhone = "UIInterfaceOrientationPortrait UIInterfaceOrientationLandscapeLeft UIInterfaceOrientationLandscapeRight";
				LD_RUNPATH_SEARCH_PATHS = (
					"$(inherited)",
					"@executable_path/Frameworks",
				);
				MARKETING_VERSION = 1.0;
				PRODUCT_BUNDLE_IDENTIFIER = com.mycompay.GUIDOMIA;
				PRODUCT_NAME = "$(TARGET_NAME)";
				SWIFT_EMIT_LOC_STRINGS = YES;
				SWIFT_VERSION = 5.0;
				TARGETED_DEVICE_FAMILY = "1,2";
			};
			name = Debug;
		};
		AD621D62298409CB008D0365 /* Release */ = {
			isa = XCBuildConfiguration;
			buildSettings = {
				ASSETCATALOG_COMPILER_APPICON_NAME = AppIcon;
				ASSETCATALOG_COMPILER_GLOBAL_ACCENT_COLOR_NAME = AccentColor;
				CODE_SIGN_STYLE = Automatic;
				CURRENT_PROJECT_VERSION = 1;
				DEVELOPMENT_ASSET_PATHS = "\"GUIDOMIA/Preview Content\"";
				ENABLE_PREVIEWS = YES;
				GENERATE_INFOPLIST_FILE = YES;
				INFOPLIST_KEY_UIApplicationSceneManifest_Generation = YES;
				INFOPLIST_KEY_UIApplicationSupportsIndirectInputEvents = YES;
				INFOPLIST_KEY_UILaunchScreen_Generation = YES;
				INFOPLIST_KEY_UISupportedInterfaceOrientations_iPad = "UIInterfaceOrientationPortrait UIInterfaceOrientationPortraitUpsideDown UIInterfaceOrientationLandscapeLeft UIInterfaceOrientationLandscapeRight";
				INFOPLIST_KEY_UISupportedInterfaceOrientations_iPhone = "UIInterfaceOrientationPortrait UIInterfaceOrientationLandscapeLeft UIInterfaceOrientationLandscapeRight";
				LD_RUNPATH_SEARCH_PATHS = (
					"$(inherited)",
					"@executable_path/Frameworks",
				);
				MARKETING_VERSION = 1.0;
				PRODUCT_BUNDLE_IDENTIFIER = com.mycompay.GUIDOMIA;
				PRODUCT_NAME = "$(TARGET_NAME)";
				SWIFT_EMIT_LOC_STRINGS = YES;
				SWIFT_VERSION = 5.0;
				TARGETED_DEVICE_FAMILY = "1,2";
			};
			name = Release;
		};
		AD621D64298409CB008D0365 /* Debug */ = {
			isa = XCBuildConfiguration;
			buildSettings = {
				ALWAYS_EMBED_SWIFT_STANDARD_LIBRARIES = YES;
				BUNDLE_LOADER = "$(TEST_HOST)";
				CODE_SIGN_STYLE = Automatic;
				CURRENT_PROJECT_VERSION = 1;
				GENERATE_INFOPLIST_FILE = YES;
				IPHONEOS_DEPLOYMENT_TARGET = 16.2;
				MARKETING_VERSION = 1.0;
				PRODUCT_BUNDLE_IDENTIFIER = com.mycompay.GUIDOMIATests;
				PRODUCT_NAME = "$(TARGET_NAME)";
				SWIFT_EMIT_LOC_STRINGS = NO;
				SWIFT_VERSION = 5.0;
				TARGETED_DEVICE_FAMILY = "1,2";
				TEST_HOST = "$(BUILT_PRODUCTS_DIR)/GUIDOMIA.app/$(BUNDLE_EXECUTABLE_FOLDER_PATH)/GUIDOMIA";
			};
			name = Debug;
		};
		AD621D65298409CB008D0365 /* Release */ = {
			isa = XCBuildConfiguration;
			buildSettings = {
				ALWAYS_EMBED_SWIFT_STANDARD_LIBRARIES = YES;
				BUNDLE_LOADER = "$(TEST_HOST)";
				CODE_SIGN_STYLE = Automatic;
				CURRENT_PROJECT_VERSION = 1;
				GENERATE_INFOPLIST_FILE = YES;
				IPHONEOS_DEPLOYMENT_TARGET = 16.2;
				MARKETING_VERSION = 1.0;
				PRODUCT_BUNDLE_IDENTIFIER = com.mycompay.GUIDOMIATests;
				PRODUCT_NAME = "$(TARGET_NAME)";
				SWIFT_EMIT_LOC_STRINGS = NO;
				SWIFT_VERSION = 5.0;
				TARGETED_DEVICE_FAMILY = "1,2";
				TEST_HOST = "$(BUILT_PRODUCTS_DIR)/GUIDOMIA.app/$(BUNDLE_EXECUTABLE_FOLDER_PATH)/GUIDOMIA";
			};
			name = Release;
		};
		AD621D67298409CB008D0365 /* Debug */ = {
			isa = XCBuildConfiguration;
			buildSettings = {
				ALWAYS_EMBED_SWIFT_STANDARD_LIBRARIES = YES;
				CODE_SIGN_STYLE = Automatic;
				CURRENT_PROJECT_VERSION = 1;
				GENERATE_INFOPLIST_FILE = YES;
				MARKETING_VERSION = 1.0;
				PRODUCT_BUNDLE_IDENTIFIER = com.mycompay.GUIDOMIAUITests;
				PRODUCT_NAME = "$(TARGET_NAME)";
				SWIFT_EMIT_LOC_STRINGS = NO;
				SWIFT_VERSION = 5.0;
				TARGETED_DEVICE_FAMILY = "1,2";
				TEST_TARGET_NAME = GUIDOMIA;
			};
			name = Debug;
		};
		AD621D68298409CB008D0365 /* Release */ = {
			isa = XCBuildConfiguration;
			buildSettings = {
				ALWAYS_EMBED_SWIFT_STANDARD_LIBRARIES = YES;
				CODE_SIGN_STYLE = Automatic;
				CURRENT_PROJECT_VERSION = 1;
				GENERATE_INFOPLIST_FILE = YES;
				MARKETING_VERSION = 1.0;
				PRODUCT_BUNDLE_IDENTIFIER = com.mycompay.GUIDOMIAUITests;
				PRODUCT_NAME = "$(TARGET_NAME)";
				SWIFT_EMIT_LOC_STRINGS = NO;
				SWIFT_VERSION = 5.0;
				TARGETED_DEVICE_FAMILY = "1,2";
				TEST_TARGET_NAME = GUIDOMIA;
			};
			name = Release;
		};
/* End XCBuildConfiguration section */

/* Begin XCConfigurationList section */
		AD621D37298409C8008D0365 /* Build configuration list for PBXProject "GUIDOMIA" */ = {
			isa = XCConfigurationList;
			buildConfigurations = (
				AD621D5E298409CB008D0365 /* Debug */,
				AD621D5F298409CB008D0365 /* Release */,
			);
			defaultConfigurationIsVisible = 0;
			defaultConfigurationName = Release;
		};
		AD621D60298409CB008D0365 /* Build configuration list for PBXNativeTarget "GUIDOMIA" */ = {
			isa = XCConfigurationList;
			buildConfigurations = (
				AD621D61298409CB008D0365 /* Debug */,
				AD621D62298409CB008D0365 /* Release */,
			);
			defaultConfigurationIsVisible = 0;
			defaultConfigurationName = Release;
		};
		AD621D63298409CB008D0365 /* Build configuration list for PBXNativeTarget "GUIDOMIATests" */ = {
			isa = XCConfigurationList;
			buildConfigurations = (
				AD621D64298409CB008D0365 /* Debug */,
				AD621D65298409CB008D0365 /* Release */,
			);
			defaultConfigurationIsVisible = 0;
			defaultConfigurationName = Release;
		};
		AD621D66298409CB008D0365 /* Build configuration list for PBXNativeTarget "GUIDOMIAUITests" */ = {
			isa = XCConfigurationList;
			buildConfigurations = (
				AD621D67298409CB008D0365 /* Debug */,
				AD621D68298409CB008D0365 /* Release */,
			);
			defaultConfigurationIsVisible = 0;
			defaultConfigurationName = Release;
		};
/* End XCConfigurationList section */
	};
	rootObject = AD621D34298409C8008D0365 /* Project object */;
}
